
Microsoft Visual Studio Solution File, Format Version 12.00
# Visual Studio Version 16
VisualStudioVersion = 16.0.32002.261
MinimumVisualStudioVersion = 10.0.40219.1
Project("{FAE04EC0-301F-11D3-BF4B-00C04F79EFBC}") = "FactoryPattern", "FactoryPattern\FactoryPattern.csproj", "{1C99DC7A-241E-4037-848D-6CAC1F857789}"
EndProject
Project("{FAE04EC0-301F-11D3-BF4B-00C04F79EFBC}") = "Singleton", "Singleton\Singleton.csproj", "{A64C47AD-6F1A-42D5-9A43-8F3D33338765}"
EndProject
Project("{FAE04EC0-301F-11D3-BF4B-00C04F79EFBC}") = "AbstractFactoryPattern", "AbstractFactoryPattern\AbstractFactoryPattern.csproj", "{0C1C4509-ED1F-4A78-8EB6-63DF448B36AC}"
EndProject
Project("{FAE04EC0-301F-11D3-BF4B-00C04F79EFBC}") = "BuilderPattern", "BuilderPattern\BuilderPattern.csproj", "{91D19C0C-92B2-4F4C-B77B-3B4A45968E10}"
EndProject
Project("{FAE04EC0-301F-11D3-BF4B-00C04F79EFBC}") = "FluentInterfaceDesignPattern", "FluentInterfaceDesignPattern\FluentInterfaceDesignPattern.csproj", "{8F4D6DC9-32D7-4B85-832D-BE9511335BE8}"
EndProject
Project("{FAE04EC0-301F-11D3-BF4B-00C04F79EFBC}") = "PrototypeDesignPattern", "PrototypeDesignPattern\PrototypeDesignPattern.csproj", "{B34790D2-4FFA-4A97-9DC1-8E6CB73CCAC9}"
EndProject
Project("{2150E333-8FDC-42A3-9474-1A3956D46DE8}") = "Structural", "Structural", "{D44FBE5D-054A-4D90-9188-4049AB30D9C1}"
EndProject
Project("{FAE04EC0-301F-11D3-BF4B-00C04F79EFBC}") = "AdapterDesignPattern", "AdapterDesignPattern\AdapterDesignPattern.csproj", "{08F1893D-AC62-45C0-B497-CA34F0E43891}"
EndProject
Project("{FAE04EC0-301F-11D3-BF4B-00C04F79EFBC}") = "FacadeDesignPattern", "FacadeDesignPattern\FacadeDesignPattern.csproj", "{416F9C6B-9810-4280-B8BA-875AADB954C8}"
EndProject
Global
	GlobalSection(SolutionConfigurationPlatforms) = preSolution
		Debug|Any CPU = Debug|Any CPU
		Release|Any CPU = Release|Any CPU
	EndGlobalSection
	GlobalSection(ProjectConfigurationPlatforms) = postSolution
		{1C99DC7A-241E-4037-848D-6CAC1F857789}.Debug|Any CPU.ActiveCfg = Debug|Any CPU
		{1C99DC7A-241E-4037-848D-6CAC1F857789}.Debug|Any CPU.Build.0 = Debug|Any CPU
		{1C99DC7A-241E-4037-848D-6CAC1F857789}.Release|Any CPU.ActiveCfg = Release|Any CPU
		{1C99DC7A-241E-4037-848D-6CAC1F857789}.Release|Any CPU.Build.0 = Release|Any CPU
		{A64C47AD-6F1A-42D5-9A43-8F3D33338765}.Debug|Any CPU.ActiveCfg = Debug|Any CPU
		{A64C47AD-6F1A-42D5-9A43-8F3D33338765}.Debug|Any CPU.Build.0 = Debug|Any CPU
		{A64C47AD-6F1A-42D5-9A43-8F3D33338765}.Release|Any CPU.ActiveCfg = Release|Any CPU
		{A64C47AD-6F1A-42D5-9A43-8F3D33338765}.Release|Any CPU.Build.0 = Release|Any CPU
		{0C1C4509-ED1F-4A78-8EB6-63DF448B36AC}.Debug|Any CPU.ActiveCfg = Debug|Any CPU
		{0C1C4509-ED1F-4A78-8EB6-63DF448B36AC}.Debug|Any CPU.Build.0 = Debug|Any CPU
		{0C1C4509-ED1F-4A78-8EB6-63DF448B36AC}.Release|Any CPU.ActiveCfg = Release|Any CPU
		{0C1C4509-ED1F-4A78-8EB6-63DF448B36AC}.Release|Any CPU.Build.0 = Release|Any CPU
		{91D19C0C-92B2-4F4C-B77B-3B4A45968E10}.Debug|Any CPU.ActiveCfg = Debug|Any CPU
		{91D19C0C-92B2-4F4C-B77B-3B4A45968E10}.Debug|Any CPU.Build.0 = Debug|Any CPU
		{91D19C0C-92B2-4F4C-B77B-3B4A45968E10}.Release|Any CPU.ActiveCfg = Release|Any CPU
		{91D19C0C-92B2-4F4C-B77B-3B4A45968E10}.Release|Any CPU.Build.0 = Release|Any CPU
		{8F4D6DC9-32D7-4B85-832D-BE9511335BE8}.Debug|Any CPU.ActiveCfg = Debug|Any CPU
		{8F4D6DC9-32D7-4B85-832D-BE9511335BE8}.Debug|Any CPU.Build.0 = Debug|Any CPU
		{8F4D6DC9-32D7-4B85-832D-BE9511335BE8}.Release|Any CPU.ActiveCfg = Release|Any CPU
		{8F4D6DC9-32D7-4B85-832D-BE9511335BE8}.Release|Any CPU.Build.0 = Release|Any CPU
		{B34790D2-4FFA-4A97-9DC1-8E6CB73CCAC9}.Debug|Any CPU.ActiveCfg = Debug|Any CPU
		{B34790D2-4FFA-4A97-9DC1-8E6CB73CCAC9}.Debug|Any CPU.Build.0 = Debug|Any CPU
		{B34790D2-4FFA-4A97-9DC1-8E6CB73CCAC9}.Release|Any CPU.ActiveCfg = Release|Any CPU
		{B34790D2-4FFA-4A97-9DC1-8E6CB73CCAC9}.Release|Any CPU.Build.0 = Release|Any CPU
		{08F1893D-AC62-45C0-B497-CA34F0E43891}.Debug|Any CPU.ActiveCfg = Debug|Any CPU
		{08F1893D-AC62-45C0-B497-CA34F0E43891}.Debug|Any CPU.Build.0 = Debug|Any CPU
		{08F1893D-AC62-45C0-B497-CA34F0E43891}.Release|Any CPU.ActiveCfg = Release|Any CPU
		{08F1893D-AC62-45C0-B497-CA34F0E43891}.Release|Any CPU.Build.0 = Release|Any CPU
		{416F9C6B-9810-4280-B8BA-875AADB954C8}.Debug|Any CPU.ActiveCfg = Debug|Any CPU
		{416F9C6B-9810-4280-B8BA-875AADB954C8}.Debug|Any CPU.Build.0 = Debug|Any CPU
		{416F9C6B-9810-4280-B8BA-875AADB954C8}.Release|Any CPU.ActiveCfg = Release|Any CPU
		{416F9C6B-9810-4280-B8BA-875AADB954C8}.Release|Any CPU.Build.0 = Release|Any CPU
	EndGlobalSection
	GlobalSection(SolutionProperties) = preSolution
		HideSolutionNode = FALSE
	EndGlobalSection
	GlobalSection(NestedProjects) = preSolution
		{08F1893D-AC62-45C0-B497-CA34F0E43891} = {D44FBE5D-054A-4D90-9188-4049AB30D9C1}
		{416F9C6B-9810-4280-B8BA-875AADB954C8} = {D44FBE5D-054A-4D90-9188-4049AB30D9C1}
	EndGlobalSection
	GlobalSection(ExtensibilityGlobals) = postSolution
		SolutionGuid = {7749A1EF-E2B2-4A86-8DBF-7B98C9475567}
	EndGlobalSection
EndGlobal
